
Microsoft Visual Studio Solution File, Format Version 12.00
# Visual Studio Version 17
VisualStudioVersion = 17.4.32804.182
MinimumVisualStudioVersion = 10.0.40219.1
Project("{FAE04EC0-301F-11D3-BF4B-00C04F79EFBC}") = "Scope3", "Scope3\Scope3.csproj", "{571BB149-D4B8-45AB-BD86-764951DA5332}"
EndProject
Global
	GlobalSection(SolutionConfigurationPlatforms) = preSolution
		Debug|Any CPU = Debug|Any CPU
		Release|Any CPU = Release|Any CPU
	EndGlobalSection
	GlobalSection(ProjectConfigurationPlatforms) = postSolution
		{571BB149-D4B8-45AB-BD86-764951DA5332}.Debug|Any CPU.ActiveCfg = Debug|Any CPU
		{571BB149-D4B8-45AB-BD86-764951DA5332}.Debug|Any CPU.Build.0 = Debug|Any CPU
		{571BB149-D4B8-45AB-BD86-764951DA5332}.Release|Any CPU.ActiveCfg = Release|Any CPU
		{571BB149-D4B8-45AB-BD86-764951DA5332}.Release|Any CPU.Build.0 = Release|Any CPU
	EndGlobalSection
	GlobalSection(SolutionProperties) = preSolution
		HideSolutionNode = FALSE
	EndGlobalSection
	GlobalSection(ExtensibilityGlobals) = postSolution
		SolutionGuid = {8EC51BF1-B1AA-4901-B4DF-B6F1793270B6}
	EndGlobalSection
EndGlobal
